
Microsoft Visual Studio Solution File, Format Version 12.00
# Visual Studio Version 17
VisualStudioVersion = 17.9.34607.119
MinimumVisualStudioVersion = 10.0.40219.1
Project("{9A19103F-16F7-4668-BE54-9A1E7A4F7556}") = "SerialPort", "SerialPort\SerialPort.csproj", "{A67D329C-EAFF-4D97-907F-687C69465E21}"
EndProject
Project("{9A19103F-16F7-4668-BE54-9A1E7A4F7556}") = "ModbusTool", "Modbus\ModbusTool.csproj", "{5E3BCEFF-EEF5-490C-A548-C7CF5BD1FF15}"
EndProject
Global
	GlobalSection(SolutionConfigurationPlatforms) = preSolution
		Debug|Any CPU = Debug|Any CPU
		Release|Any CPU = Release|Any CPU
	EndGlobalSection
	GlobalSection(ProjectConfigurationPlatforms) = postSolution
		{A67D329C-EAFF-4D97-907F-687C69465E21}.Debug|Any CPU.ActiveCfg = Debug|Any CPU
		{A67D329C-EAFF-4D97-907F-687C69465E21}.Debug|Any CPU.Build.0 = Debug|Any CPU
		{A67D329C-EAFF-4D97-907F-687C69465E21}.Release|Any CPU.ActiveCfg = Release|Any CPU
		{A67D329C-EAFF-4D97-907F-687C69465E21}.Release|Any CPU.Build.0 = Release|Any CPU
		{5E3BCEFF-EEF5-490C-A548-C7CF5BD1FF15}.Debug|Any CPU.ActiveCfg = Debug|Any CPU
		{5E3BCEFF-EEF5-490C-A548-C7CF5BD1FF15}.Debug|Any CPU.Build.0 = Debug|Any CPU
		{5E3BCEFF-EEF5-490C-A548-C7CF5BD1FF15}.Release|Any CPU.ActiveCfg = Release|Any CPU
		{5E3BCEFF-EEF5-490C-A548-C7CF5BD1FF15}.Release|Any CPU.Build.0 = Release|Any CPU
	EndGlobalSection
	GlobalSection(SolutionProperties) = preSolution
		HideSolutionNode = FALSE
	EndGlobalSection
	GlobalSection(ExtensibilityGlobals) = postSolution
		SolutionGuid = {2A7A7565-A5E3-4AC9-A349-AEBF49975CA1}
	EndGlobalSection
EndGlobal
